
Microsoft Visual Studio Solution File, Format Version 12.00
# Visual Studio 14
VisualStudioVersion = 14.0.25420.1
MinimumVisualStudioVersion = 10.0.40219.1
Project("{FAE04EC0-301F-11D3-BF4B-00C04F79EFBC}") = "MaderaSoft", "MaderaSoft\MaderaSoft.csproj", "{9AF27E3A-C41C-4CD9-A21B-FBD92B933FB9}"
EndProject
Project("{FAE04EC0-301F-11D3-BF4B-00C04F79EFBC}") = "Madera.Data", "Madera.Data\Madera.Data.csproj", "{1F10B54C-7632-4E75-A06C-B10348B82A48}"
EndProject
Project("{FAE04EC0-301F-11D3-BF4B-00C04F79EFBC}") = "Madera.Model", "Madera.Models\Madera.Model.csproj", "{F0F92C4C-AB34-48DE-A251-FEB0188B5498}"
EndProject
Project("{FAE04EC0-301F-11D3-BF4B-00C04F79EFBC}") = "Madera.Service", "Madera.Service\Madera.Service.csproj", "{375AD3E9-49A6-454C-8007-FDDE6BE5722E}"
EndProject
Project("{FAE04EC0-301F-11D3-BF4B-00C04F79EFBC}") = "MaderaSoft.Tests", "MaderaSoft.Tests\MaderaSoft.Tests.csproj", "{B8411D56-85E6-46AC-961A-74A8435E91E0}"
EndProject
Global
	GlobalSection(SolutionConfigurationPlatforms) = preSolution
		Debug|Any CPU = Debug|Any CPU
		Release|Any CPU = Release|Any CPU
	EndGlobalSection
	GlobalSection(ProjectConfigurationPlatforms) = postSolution
		{9AF27E3A-C41C-4CD9-A21B-FBD92B933FB9}.Debug|Any CPU.ActiveCfg = Debug|Any CPU
		{9AF27E3A-C41C-4CD9-A21B-FBD92B933FB9}.Debug|Any CPU.Build.0 = Debug|Any CPU
		{9AF27E3A-C41C-4CD9-A21B-FBD92B933FB9}.Release|Any CPU.ActiveCfg = Release|Any CPU
		{9AF27E3A-C41C-4CD9-A21B-FBD92B933FB9}.Release|Any CPU.Build.0 = Release|Any CPU
		{1F10B54C-7632-4E75-A06C-B10348B82A48}.Debug|Any CPU.ActiveCfg = Debug|Any CPU
		{1F10B54C-7632-4E75-A06C-B10348B82A48}.Debug|Any CPU.Build.0 = Debug|Any CPU
		{1F10B54C-7632-4E75-A06C-B10348B82A48}.Release|Any CPU.ActiveCfg = Release|Any CPU
		{1F10B54C-7632-4E75-A06C-B10348B82A48}.Release|Any CPU.Build.0 = Release|Any CPU
		{F0F92C4C-AB34-48DE-A251-FEB0188B5498}.Debug|Any CPU.ActiveCfg = Debug|Any CPU
		{F0F92C4C-AB34-48DE-A251-FEB0188B5498}.Debug|Any CPU.Build.0 = Debug|Any CPU
		{F0F92C4C-AB34-48DE-A251-FEB0188B5498}.Release|Any CPU.ActiveCfg = Release|Any CPU
		{F0F92C4C-AB34-48DE-A251-FEB0188B5498}.Release|Any CPU.Build.0 = Release|Any CPU
		{375AD3E9-49A6-454C-8007-FDDE6BE5722E}.Debug|Any CPU.ActiveCfg = Debug|Any CPU
		{375AD3E9-49A6-454C-8007-FDDE6BE5722E}.Debug|Any CPU.Build.0 = Debug|Any CPU
		{375AD3E9-49A6-454C-8007-FDDE6BE5722E}.Release|Any CPU.ActiveCfg = Release|Any CPU
		{375AD3E9-49A6-454C-8007-FDDE6BE5722E}.Release|Any CPU.Build.0 = Release|Any CPU
		{B8411D56-85E6-46AC-961A-74A8435E91E0}.Debug|Any CPU.ActiveCfg = Debug|Any CPU
		{B8411D56-85E6-46AC-961A-74A8435E91E0}.Debug|Any CPU.Build.0 = Debug|Any CPU
		{B8411D56-85E6-46AC-961A-74A8435E91E0}.Release|Any CPU.ActiveCfg = Release|Any CPU
		{B8411D56-85E6-46AC-961A-74A8435E91E0}.Release|Any CPU.Build.0 = Release|Any CPU
	EndGlobalSection
	GlobalSection(SolutionProperties) = preSolution
		HideSolutionNode = FALSE
	EndGlobalSection
EndGlobal
